
Microsoft Visual Studio Solution File, Format Version 12.00
# Visual Studio Version 16
VisualStudioVersion = 16.0.30523.141
MinimumVisualStudioVersion = 10.0.40219.1
Project("{FAE04EC0-301F-11D3-BF4B-00C04F79EFBC}") = "lektionCalcTemp", "lektionCalcTemp\lektionCalcTemp.csproj", "{B5499DD2-57FD-445C-94C7-656D99B7B4AF}"
EndProject
Global
	GlobalSection(SolutionConfigurationPlatforms) = preSolution
		Debug|Any CPU = Debug|Any CPU
		Release|Any CPU = Release|Any CPU
	EndGlobalSection
	GlobalSection(ProjectConfigurationPlatforms) = postSolution
		{B5499DD2-57FD-445C-94C7-656D99B7B4AF}.Debug|Any CPU.ActiveCfg = Debug|Any CPU
		{B5499DD2-57FD-445C-94C7-656D99B7B4AF}.Debug|Any CPU.Build.0 = Debug|Any CPU
		{B5499DD2-57FD-445C-94C7-656D99B7B4AF}.Release|Any CPU.ActiveCfg = Release|Any CPU
		{B5499DD2-57FD-445C-94C7-656D99B7B4AF}.Release|Any CPU.Build.0 = Release|Any CPU
	EndGlobalSection
	GlobalSection(SolutionProperties) = preSolution
		HideSolutionNode = FALSE
	EndGlobalSection
	GlobalSection(ExtensibilityGlobals) = postSolution
		SolutionGuid = {D7B54EC5-459F-4CAD-BB9B-EB4A2C2EFE5E}
	EndGlobalSection
EndGlobal
